
Microsoft Visual Studio Solution File, Format Version 12.00
# Visual Studio Version 16
VisualStudioVersion = 16.0.29609.76
MinimumVisualStudioVersion = 10.0.40219.1
Project("{FAE04EC0-301F-11D3-BF4B-00C04F79EFBC}") = "WebApiDemo", "WebApiDemo\WebApiDemo.csproj", "{A323ADBC-EC34-4201-8AF8-2E5D77D0E69F}"
EndProject
Project("{FAE04EC0-301F-11D3-BF4B-00C04F79EFBC}") = "Demo.Dal", "Demo.Dal\Demo.Dal.csproj", "{24961606-24C4-4394-B53B-5048E02D4EB1}"
EndProject
Global
	GlobalSection(SolutionConfigurationPlatforms) = preSolution
		Debug|Any CPU = Debug|Any CPU
		Release|Any CPU = Release|Any CPU
	EndGlobalSection
	GlobalSection(ProjectConfigurationPlatforms) = postSolution
		{A323ADBC-EC34-4201-8AF8-2E5D77D0E69F}.Debug|Any CPU.ActiveCfg = Debug|Any CPU
		{A323ADBC-EC34-4201-8AF8-2E5D77D0E69F}.Debug|Any CPU.Build.0 = Debug|Any CPU
		{A323ADBC-EC34-4201-8AF8-2E5D77D0E69F}.Release|Any CPU.ActiveCfg = Release|Any CPU
		{A323ADBC-EC34-4201-8AF8-2E5D77D0E69F}.Release|Any CPU.Build.0 = Release|Any CPU
		{24961606-24C4-4394-B53B-5048E02D4EB1}.Debug|Any CPU.ActiveCfg = Debug|Any CPU
		{24961606-24C4-4394-B53B-5048E02D4EB1}.Debug|Any CPU.Build.0 = Debug|Any CPU
		{24961606-24C4-4394-B53B-5048E02D4EB1}.Release|Any CPU.ActiveCfg = Release|Any CPU
		{24961606-24C4-4394-B53B-5048E02D4EB1}.Release|Any CPU.Build.0 = Release|Any CPU
	EndGlobalSection
	GlobalSection(SolutionProperties) = preSolution
		HideSolutionNode = FALSE
	EndGlobalSection
	GlobalSection(ExtensibilityGlobals) = postSolution
		SolutionGuid = {294C91A3-2FA5-4EB1-86E6-AD0B25069653}
	EndGlobalSection
EndGlobal
